// !$*UTF8*$!
{
	archiveVersion = 1;
	classes = {
	};
	objectVersion = 56;
	objects = {

/* Begin PBXBuildFile section */
		5810D0352A9DFAC90086D73F /* ExampleApp.swift in Sources */ = {isa = PBXBuildFile; fileRef = 5810D0342A9DFAC90086D73F /* ExampleApp.swift */; };
		5810D0372A9DFAC90086D73F /* ContentView.swift in Sources */ = {isa = PBXBuildFile; fileRef = 5810D0362A9DFAC90086D73F /* ContentView.swift */; };
		5810D0392A9DFAC90086D73F /* Assets.xcassets in Resources */ = {isa = PBXBuildFile; fileRef = 5810D0382A9DFAC90086D73F /* Assets.xcassets */; };
		5810D03C2A9DFAC90086D73F /* Preview Assets.xcassets in Resources */ = {isa = PBXBuildFile; fileRef = 5810D03B2A9DFAC90086D73F /* Preview Assets.xcassets */; };
		5810D0462A9DFAC90086D73F /* ExampleTests.swift in Sources */ = {isa = PBXBuildFile; fileRef = 5810D0452A9DFAC90086D73F /* ExampleTests.swift */; };
		5810D0502A9DFAC90086D73F /* ExampleUITests.swift in Sources */ = {isa = PBXBuildFile; fileRef = 5810D04F2A9DFAC90086D73F /* ExampleUITests.swift */; };
		5810D0522A9DFAC90086D73F /* ExampleUITestsLaunchTests.swift in Sources */ = {isa = PBXBuildFile; fileRef = 5810D0512A9DFAC90086D73F /* ExampleUITestsLaunchTests.swift */; };
		5810D05F2A9DFB0D0086D73F /* ViewModel.swift in Sources */ = {isa = PBXBuildFile; fileRef = 5810D05E2A9DFB0D0086D73F /* ViewModel.swift */; };
		587644712A9DFCE700C3E35F /* DelayedRetry in Frameworks */ = {isa = PBXBuildFile; productRef = 587644702A9DFCE700C3E35F /* DelayedRetry */; };
/* End PBXBuildFile section */

/* Begin PBXContainerItemProxy section */
		5810D0422A9DFAC90086D73F /* PBXContainerItemProxy */ = {
			isa = PBXContainerItemProxy;
			containerPortal = 5810D0292A9DFAC90086D73F /* Project object */;
			proxyType = 1;
			remoteGlobalIDString = 5810D0302A9DFAC90086D73F;
			remoteInfo = Example;
		};
		5810D04C2A9DFAC90086D73F /* PBXContainerItemProxy */ = {
			isa = PBXContainerItemProxy;
			containerPortal = 5810D0292A9DFAC90086D73F /* Project object */;
			proxyType = 1;
			remoteGlobalIDString = 5810D0302A9DFAC90086D73F;
			remoteInfo = Example;
		};
/* End PBXContainerItemProxy section */

/* Begin PBXFileReference section */
		5810D0312A9DFAC90086D73F /* Example.app */ = {isa = PBXFileReference; explicitFileType = wrapper.application; includeInIndex = 0; path = Example.app; sourceTree = BUILT_PRODUCTS_DIR; };
		5810D0342A9DFAC90086D73F /* ExampleApp.swift */ = {isa = PBXFileReference; lastKnownFileType = sourcecode.swift; path = ExampleApp.swift; sourceTree = "<group>"; };
		5810D0362A9DFAC90086D73F /* ContentView.swift */ = {isa = PBXFileReference; lastKnownFileType = sourcecode.swift; path = ContentView.swift; sourceTree = "<group>"; };
		5810D0382A9DFAC90086D73F /* Assets.xcassets */ = {isa = PBXFileReference; lastKnownFileType = folder.assetcatalog; path = Assets.xcassets; sourceTree = "<group>"; };
		5810D03B2A9DFAC90086D73F /* Preview Assets.xcassets */ = {isa = PBXFileReference; lastKnownFileType = folder.assetcatalog; path = "Preview Assets.xcassets"; sourceTree = "<group>"; };
		5810D0412A9DFAC90086D73F /* ExampleTests.xctest */ = {isa = PBXFileReference; explicitFileType = wrapper.cfbundle; includeInIndex = 0; path = ExampleTests.xctest; sourceTree = BUILT_PRODUCTS_DIR; };
		5810D0452A9DFAC90086D73F /* ExampleTests.swift */ = {isa = PBXFileReference; lastKnownFileType = sourcecode.swift; path = ExampleTests.swift; sourceTree = "<group>"; };
		5810D04B2A9DFAC90086D73F /* ExampleUITests.xctest */ = {isa = PBXFileReference; explicitFileType = wrapper.cfbundle; includeInIndex = 0; path = ExampleUITests.xctest; sourceTree = BUILT_PRODUCTS_DIR; };
		5810D04F2A9DFAC90086D73F /* ExampleUITests.swift */ = {isa = PBXFileReference; lastKnownFileType = sourcecode.swift; path = ExampleUITests.swift; sourceTree = "<group>"; };
		5810D0512A9DFAC90086D73F /* ExampleUITestsLaunchTests.swift */ = {isa = PBXFileReference; lastKnownFileType = sourcecode.swift; path = ExampleUITestsLaunchTests.swift; sourceTree = "<group>"; };
		5810D05E2A9DFB0D0086D73F /* ViewModel.swift */ = {isa = PBXFileReference; lastKnownFileType = sourcecode.swift; path = ViewModel.swift; sourceTree = "<group>"; };
/* End PBXFileReference section */

/* Begin PBXFrameworksBuildPhase section */
		5810D02E2A9DFAC90086D73F /* Frameworks */ = {
			isa = PBXFrameworksBuildPhase;
			buildActionMask = 2147483647;
			files = (
				587644712A9DFCE700C3E35F /* DelayedRetry in Frameworks */,
			);
			runOnlyForDeploymentPostprocessing = 0;
		};
		5810D03E2A9DFAC90086D73F /* Frameworks */ = {
			isa = PBXFrameworksBuildPhase;
			buildActionMask = 2147483647;
			files = (
			);
			runOnlyForDeploymentPostprocessing = 0;
		};
		5810D0482A9DFAC90086D73F /* Frameworks */ = {
			isa = PBXFrameworksBuildPhase;
			buildActionMask = 2147483647;
			files = (
			);
			runOnlyForDeploymentPostprocessing = 0;
		};
/* End PBXFrameworksBuildPhase section */

/* Begin PBXGroup section */
		5810D0282A9DFAC90086D73F = {
			isa = PBXGroup;
			children = (
				5810D0332A9DFAC90086D73F /* Example */,
				5810D0442A9DFAC90086D73F /* ExampleTests */,
				5810D04E2A9DFAC90086D73F /* ExampleUITests */,
				5810D0322A9DFAC90086D73F /* Products */,
				5876446F2A9DFCE700C3E35F /* Frameworks */,
			);
			sourceTree = "<group>";
		};
		5810D0322A9DFAC90086D73F /* Products */ = {
			isa = PBXGroup;
			children = (
				5810D0312A9DFAC90086D73F /* Example.app */,
				5810D0412A9DFAC90086D73F /* ExampleTests.xctest */,
				5810D04B2A9DFAC90086D73F /* ExampleUITests.xctest */,
			);
			name = Products;
			sourceTree = "<group>";
		};
		5810D0332A9DFAC90086D73F /* Example */ = {
			isa = PBXGroup;
			children = (
				5810D0342A9DFAC90086D73F /* ExampleApp.swift */,
				5810D0362A9DFAC90086D73F /* ContentView.swift */,
				5810D0382A9DFAC90086D73F /* Assets.xcassets */,
				5810D03A2A9DFAC90086D73F /* Preview Content */,
				5810D05E2A9DFB0D0086D73F /* ViewModel.swift */,
			);
			path = Example;
			sourceTree = "<group>";
		};
		5810D03A2A9DFAC90086D73F /* Preview Content */ = {
			isa = PBXGroup;
			children = (
				5810D03B2A9DFAC90086D73F /* Preview Assets.xcassets */,
			);
			path = "Preview Content";
			sourceTree = "<group>";
		};
		5810D0442A9DFAC90086D73F /* ExampleTests */ = {
			isa = PBXGroup;
			children = (
				5810D0452A9DFAC90086D73F /* ExampleTests.swift */,
			);
			path = ExampleTests;
			sourceTree = "<group>";
		};
		5810D04E2A9DFAC90086D73F /* ExampleUITests */ = {
			isa = PBXGroup;
			children = (
				5810D04F2A9DFAC90086D73F /* ExampleUITests.swift */,
				5810D0512A9DFAC90086D73F /* ExampleUITestsLaunchTests.swift */,
			);
			path = ExampleUITests;
			sourceTree = "<group>";
		};
		5876446F2A9DFCE700C3E35F /* Frameworks */ = {
			isa = PBXGroup;
			children = (
			);
			name = Frameworks;
			sourceTree = "<group>";
		};
/* End PBXGroup section */

/* Begin PBXNativeTarget section */
		5810D0302A9DFAC90086D73F /* Example */ = {
			isa = PBXNativeTarget;
			buildConfigurationList = 5810D0552A9DFAC90086D73F /* Build configuration list for PBXNativeTarget "Example" */;
			buildPhases = (
				5810D02D2A9DFAC90086D73F /* Sources */,
				5810D02E2A9DFAC90086D73F /* Frameworks */,
				5810D02F2A9DFAC90086D73F /* Resources */,
			);
			buildRules = (
			);
			dependencies = (
			);
			name = Example;
			packageProductDependencies = (
				587644702A9DFCE700C3E35F /* DelayedRetry */,
			);
			productName = Example;
			productReference = 5810D0312A9DFAC90086D73F /* Example.app */;
			productType = "com.apple.product-type.application";
		};
		5810D0402A9DFAC90086D73F /* ExampleTests */ = {
			isa = PBXNativeTarget;
			buildConfigurationList = 5810D0582A9DFAC90086D73F /* Build configuration list for PBXNativeTarget "ExampleTests" */;
			buildPhases = (
				5810D03D2A9DFAC90086D73F /* Sources */,
				5810D03E2A9DFAC90086D73F /* Frameworks */,
				5810D03F2A9DFAC90086D73F /* Resources */,
			);
			buildRules = (
			);
			dependencies = (
				5810D0432A9DFAC90086D73F /* PBXTargetDependency */,
			);
			name = ExampleTests;
			productName = ExampleTests;
			productReference = 5810D0412A9DFAC90086D73F /* ExampleTests.xctest */;
			productType = "com.apple.product-type.bundle.unit-test";
		};
		5810D04A2A9DFAC90086D73F /* ExampleUITests */ = {
			isa = PBXNativeTarget;
			buildConfigurationList = 5810D05B2A9DFAC90086D73F /* Build configuration list for PBXNativeTarget "ExampleUITests" */;
			buildPhases = (
				5810D0472A9DFAC90086D73F /* Sources */,
				5810D0482A9DFAC90086D73F /* Frameworks */,
				5810D0492A9DFAC90086D73F /* Resources */,
			);
			buildRules = (
			);
			dependencies = (
				5810D04D2A9DFAC90086D73F /* PBXTargetDependency */,
			);
			name = ExampleUITests;
			productName = ExampleUITests;
			productReference = 5810D04B2A9DFAC90086D73F /* ExampleUITests.xctest */;
			productType = "com.apple.product-type.bundle.ui-testing";
		};
/* End PBXNativeTarget section */

/* Begin PBXProject section */
		5810D0292A9DFAC90086D73F /* Project object */ = {
			isa = PBXProject;
			attributes = {
				BuildIndependentTargetsInParallel = 1;
				LastSwiftUpdateCheck = 1430;
				LastUpgradeCheck = 1430;
				TargetAttributes = {
					5810D0302A9DFAC90086D73F = {
						CreatedOnToolsVersion = 14.3.1;
					};
					5810D0402A9DFAC90086D73F = {
						CreatedOnToolsVersion = 14.3.1;
						TestTargetID = 5810D0302A9DFAC90086D73F;
					};
					5810D04A2A9DFAC90086D73F = {
						CreatedOnToolsVersion = 14.3.1;
						TestTargetID = 5810D0302A9DFAC90086D73F;
					};
				};
			};
			buildConfigurationList = 5810D02C2A9DFAC90086D73F /* Build configuration list for PBXProject "Example" */;
			compatibilityVersion = "Xcode 14.0";
			developmentRegion = en;
			hasScannedForEncodings = 0;
			knownRegions = (
				en,
				Base,
			);
			mainGroup = 5810D0282A9DFAC90086D73F;
			packageReferences = (
				5810D0602A9DFBDD0086D73F /* XCRemoteSwiftPackageReference "DelayedRetry" */,
			);
			productRefGroup = 5810D0322A9DFAC90086D73F /* Products */;
			projectDirPath = "";
			projectRoot = "";
			targets = (
				5810D0302A9DFAC90086D73F /* Example */,
				5810D0402A9DFAC90086D73F /* ExampleTests */,
				5810D04A2A9DFAC90086D73F /* ExampleUITests */,
			);
		};
/* End PBXProject section */

/* Begin PBXResourcesBuildPhase section */
		5810D02F2A9DFAC90086D73F /* Resources */ = {
			isa = PBXResourcesBuildPhase;
			buildActionMask = 2147483647;
			files = (
				5810D03C2A9DFAC90086D73F /* Preview Assets.xcassets in Resources */,
				5810D0392A9DFAC90086D73F /* Assets.xcassets in Resources */,
			);
			runOnlyForDeploymentPostprocessing = 0;
		};
		5810D03F2A9DFAC90086D73F /* Resources */ = {
			isa = PBXResourcesBuildPhase;
			buildActionMask = 2147483647;
			files = (
			);
			runOnlyForDeploymentPostprocessing = 0;
		};
		5810D0492A9DFAC90086D73F /* Resources */ = {
			isa = PBXResourcesBuildPhase;
			buildActionMask = 2147483647;
			files = (
			);
			runOnlyForDeploymentPostprocessing = 0;
		};
/* End PBXResourcesBuildPhase section */

/* Begin PBXSourcesBuildPhase section */
		5810D02D2A9DFAC90086D73F /* Sources */ = {
			isa = PBXSourcesBuildPhase;
			buildActionMask = 2147483647;
			files = (
				5810D0372A9DFAC90086D73F /* ContentView.swift in Sources */,
				5810D05F2A9DFB0D0086D73F /* ViewModel.swift in Sources */,
				5810D0352A9DFAC90086D73F /* ExampleApp.swift in Sources */,
			);
			runOnlyForDeploymentPostprocessing = 0;
		};
		5810D03D2A9DFAC90086D73F /* Sources */ = {
			isa = PBXSourcesBuildPhase;
			buildActionMask = 2147483647;
			files = (
				5810D0462A9DFAC90086D73F /* ExampleTests.swift in Sources */,
			);
			runOnlyForDeploymentPostprocessing = 0;
		};
		5810D0472A9DFAC90086D73F /* Sources */ = {
			isa = PBXSourcesBuildPhase;
			buildActionMask = 2147483647;
			files = (
				5810D0502A9DFAC90086D73F /* ExampleUITests.swift in Sources */,
				5810D0522A9DFAC90086D73F /* ExampleUITestsLaunchTests.swift in Sources */,
			);
			runOnlyForDeploymentPostprocessing = 0;
		};
/* End PBXSourcesBuildPhase section */

/* Begin PBXTargetDependency section */
		5810D0432A9DFAC90086D73F /* PBXTargetDependency */ = {
			isa = PBXTargetDependency;
			target = 5810D0302A9DFAC90086D73F /* Example */;
			targetProxy = 5810D0422A9DFAC90086D73F /* PBXContainerItemProxy */;
		};
		5810D04D2A9DFAC90086D73F /* PBXTargetDependency */ = {
			isa = PBXTargetDependency;
			target = 5810D0302A9DFAC90086D73F /* Example */;
			targetProxy = 5810D04C2A9DFAC90086D73F /* PBXContainerItemProxy */;
		};
/* End PBXTargetDependency section */

/* Begin XCBuildConfiguration section */
		5810D0532A9DFAC90086D73F /* Debug */ = {
			isa = XCBuildConfiguration;
			buildSettings = {
				ALWAYS_SEARCH_USER_PATHS = NO;
				CLANG_ANALYZER_NONNULL = YES;
				CLANG_ANALYZER_NUMBER_OBJECT_CONVERSION = YES_AGGRESSIVE;
				CLANG_CXX_LANGUAGE_STANDARD = "gnu++20";
				CLANG_ENABLE_MODULES = YES;
				CLANG_ENABLE_OBJC_ARC = YES;
				CLANG_ENABLE_OBJC_WEAK = YES;
				CLANG_WARN_BLOCK_CAPTURE_AUTORELEASING = YES;
				CLANG_WARN_BOOL_CONVERSION = YES;
				CLANG_WARN_COMMA = YES;
				CLANG_WARN_CONSTANT_CONVERSION = YES;
				CLANG_WARN_DEPRECATED_OBJC_IMPLEMENTATIONS = YES;
				CLANG_WARN_DIRECT_OBJC_ISA_USAGE = YES_ERROR;
				CLANG_WARN_DOCUMENTATION_COMMENTS = YES;
				CLANG_WARN_EMPTY_BODY = YES;
				CLANG_WARN_ENUM_CONVERSION = YES;
				CLANG_WARN_INFINITE_RECURSION = YES;
				CLANG_WARN_INT_CONVERSION = YES;
				CLANG_WARN_NON_LITERAL_NULL_CONVERSION = YES;
				CLANG_WARN_OBJC_IMPLICIT_RETAIN_SELF = YES;
				CLANG_WARN_OBJC_LITERAL_CONVERSION = YES;
				CLANG_WARN_OBJC_ROOT_CLASS = YES_ERROR;
				CLANG_WARN_QUOTED_INCLUDE_IN_FRAMEWORK_HEADER = YES;
				CLANG_WARN_RANGE_LOOP_ANALYSIS = YES;
				CLANG_WARN_STRICT_PROTOTYPES = YES;
				CLANG_WARN_SUSPICIOUS_MOVE = YES;
				CLANG_WARN_UNGUARDED_AVAILABILITY = YES_AGGRESSIVE;
				CLANG_WARN_UNREACHABLE_CODE = YES;
				CLANG_WARN__DUPLICATE_METHOD_MATCH = YES;
				COPY_PHASE_STRIP = NO;
				DEBUG_INFORMATION_FORMAT = dwarf;
				ENABLE_STRICT_OBJC_MSGSEND = YES;
				ENABLE_TESTABILITY = YES;
				GCC_C_LANGUAGE_STANDARD = gnu11;
				GCC_DYNAMIC_NO_PIC = NO;
				GCC_NO_COMMON_BLOCKS = YES;
				GCC_OPTIMIZATION_LEVEL = 0;
				GCC_PREPROCESSOR_DEFINITIONS = (
					"DEBUG=1",
					"$(inherited)",
				);
				GCC_WARN_64_TO_32_BIT_CONVERSION = YES;
				GCC_WARN_ABOUT_RETURN_TYPE = YES_ERROR;
				GCC_WARN_UNDECLARED_SELECTOR = YES;
				GCC_WARN_UNINITIALIZED_AUTOS = YES_AGGRESSIVE;
				GCC_WARN_UNUSED_FUNCTION = YES;
				GCC_WARN_UNUSED_VARIABLE = YES;
				IPHONEOS_DEPLOYMENT_TARGET = 16.0;
				MTL_ENABLE_DEBUG_INFO = INCLUDE_SOURCE;
				MTL_FAST_MATH = YES;
				ONLY_ACTIVE_ARCH = YES;
				SDKROOT = iphoneos;
				SWIFT_ACTIVE_COMPILATION_CONDITIONS = DEBUG;
				SWIFT_OPTIMIZATION_LEVEL = "-Onone";
			};
			name = Debug;
		};
		5810D0542A9DFAC90086D73F /* Release */ = {
			isa = XCBuildConfiguration;
			buildSettings = {
				ALWAYS_SEARCH_USER_PATHS = NO;
				CLANG_ANALYZER_NONNULL = YES;
				CLANG_ANALYZER_NUMBER_OBJECT_CONVERSION = YES_AGGRESSIVE;
				CLANG_CXX_LANGUAGE_STANDARD = "gnu++20";
				CLANG_ENABLE_MODULES = YES;
				CLANG_ENABLE_OBJC_ARC = YES;
				CLANG_ENABLE_OBJC_WEAK = YES;
				CLANG_WARN_BLOCK_CAPTURE_AUTORELEASING = YES;
				CLANG_WARN_BOOL_CONVERSION = YES;
				CLANG_WARN_COMMA = YES;
				CLANG_WARN_CONSTANT_CONVERSION = YES;
				CLANG_WARN_DEPRECATED_OBJC_IMPLEMENTATIONS = YES;
				CLANG_WARN_DIRECT_OBJC_ISA_USAGE = YES_ERROR;
				CLANG_WARN_DOCUMENTATION_COMMENTS = YES;
				CLANG_WARN_EMPTY_BODY = YES;
				CLANG_WARN_ENUM_CONVERSION = YES;
				CLANG_WARN_INFINITE_RECURSION = YES;
				CLANG_WARN_INT_CONVERSION = YES;
				CLANG_WARN_NON_LITERAL_NULL_CONVERSION = YES;
				CLANG_WARN_OBJC_IMPLICIT_RETAIN_SELF = YES;
				CLANG_WARN_OBJC_LITERAL_CONVERSION = YES;
				CLANG_WARN_OBJC_ROOT_CLASS = YES_ERROR;
				CLANG_WARN_QUOTED_INCLUDE_IN_FRAMEWORK_HEADER = YES;
				CLANG_WARN_RANGE_LOOP_ANALYSIS = YES;
				CLANG_WARN_STRICT_PROTOTYPES = YES;
				CLANG_WARN_SUSPICIOUS_MOVE = YES;
				CLANG_WARN_UNGUARDED_AVAILABILITY = YES_AGGRESSIVE;
				CLANG_WARN_UNREACHABLE_CODE = YES;
				CLANG_WARN__DUPLICATE_METHOD_MATCH = YES;
				COPY_PHASE_STRIP = NO;
				DEBUG_INFORMATION_FORMAT = "dwarf-with-dsym";
				ENABLE_NS_ASSERTIONS = NO;
				ENABLE_STRICT_OBJC_MSGSEND = YES;
				GCC_C_LANGUAGE_STANDARD = gnu11;
				GCC_NO_COMMON_BLOCKS = YES;
				GCC_WARN_64_TO_32_BIT_CONVERSION = YES;
				GCC_WARN_ABOUT_RETURN_TYPE = YES_ERROR;
				GCC_WARN_UNDECLARED_SELECTOR = YES;
				GCC_WARN_UNINITIALIZED_AUTOS = YES_AGGRESSIVE;
				GCC_WARN_UNUSED_FUNCTION = YES;
				GCC_WARN_UNUSED_VARIABLE = YES;
				IPHONEOS_DEPLOYMENT_TARGET = 16.0;
				MTL_ENABLE_DEBUG_INFO = NO;
				MTL_FAST_MATH = YES;
				SDKROOT = iphoneos;
				SWIFT_COMPILATION_MODE = wholemodule;
				SWIFT_OPTIMIZATION_LEVEL = "-O";
				VALIDATE_PRODUCT = YES;
			};
			name = Release;
		};
		5810D0562A9DFAC90086D73F /* Debug */ = {
			isa = XCBuildConfiguration;
			buildSettings = {
				ASSETCATALOG_COMPILER_APPICON_NAME = AppIcon;
				ASSETCATALOG_COMPILER_GLOBAL_ACCENT_COLOR_NAME = AccentColor;
				CODE_SIGN_STYLE = Automatic;
				CURRENT_PROJECT_VERSION = 1;
				DEVELOPMENT_ASSET_PATHS = "\"Example/Preview Content\"";
				ENABLE_PREVIEWS = YES;
				GENERATE_INFOPLIST_FILE = YES;
				INFOPLIST_KEY_UIApplicationSceneManifest_Generation = YES;
				INFOPLIST_KEY_UIApplicationSupportsIndirectInputEvents = YES;
				INFOPLIST_KEY_UILaunchScreen_Generation = YES;
				INFOPLIST_KEY_UISupportedInterfaceOrientations_iPad = "UIInterfaceOrientationPortrait UIInterfaceOrientationPortraitUpsideDown UIInterfaceOrientationLandscapeLeft UIInterfaceOrientationLandscapeRight";
				INFOPLIST_KEY_UISupportedInterfaceOrientations_iPhone = "UIInterfaceOrientationPortrait UIInterfaceOrientationLandscapeLeft UIInterfaceOrientationLandscapeRight";
				IPHONEOS_DEPLOYMENT_TARGET = 16.0;
				LD_RUNPATH_SEARCH_PATHS = (
					"$(inherited)",
					"@executable_path/Frameworks",
				);
				MARKETING_VERSION = 1.0;
				PRODUCT_BUNDLE_IDENTIFIER = hu.example.delayed.retry.Example;
				PRODUCT_NAME = "$(TARGET_NAME)";
				SWIFT_EMIT_LOC_STRINGS = YES;
				SWIFT_VERSION = 5.0;
				TARGETED_DEVICE_FAMILY = "1,2";
			};
			name = Debug;
		};
		5810D0572A9DFAC90086D73F /* Release */ = {
			isa = XCBuildConfiguration;
			buildSettings = {
				ASSETCATALOG_COMPILER_APPICON_NAME = AppIcon;
				ASSETCATALOG_COMPILER_GLOBAL_ACCENT_COLOR_NAME = AccentColor;
				CODE_SIGN_STYLE = Automatic;
				CURRENT_PROJECT_VERSION = 1;
				DEVELOPMENT_ASSET_PATHS = "\"Example/Preview Content\"";
				ENABLE_PREVIEWS = YES;
				GENERATE_INFOPLIST_FILE = YES;
				INFOPLIST_KEY_UIApplicationSceneManifest_Generation = YES;
				INFOPLIST_KEY_UIApplicationSupportsIndirectInputEvents = YES;
				INFOPLIST_KEY_UILaunchScreen_Generation = YES;
				INFOPLIST_KEY_UISupportedInterfaceOrientations_iPad = "UIInterfaceOrientationPortrait UIInterfaceOrientationPortraitUpsideDown UIInterfaceOrientationLandscapeLeft UIInterfaceOrientationLandscapeRight";
				INFOPLIST_KEY_UISupportedInterfaceOrientations_iPhone = "UIInterfaceOrientationPortrait UIInterfaceOrientationLandscapeLeft UIInterfaceOrientationLandscapeRight";
				IPHONEOS_DEPLOYMENT_TARGET = 16.0;
				LD_RUNPATH_SEARCH_PATHS = (
					"$(inherited)",
					"@executable_path/Frameworks",
				);
				MARKETING_VERSION = 1.0;
				PRODUCT_BUNDLE_IDENTIFIER = hu.example.delayed.retry.Example;
				PRODUCT_NAME = "$(TARGET_NAME)";
				SWIFT_EMIT_LOC_STRINGS = YES;
				SWIFT_VERSION = 5.0;
				TARGETED_DEVICE_FAMILY = "1,2";
			};
			name = Release;
		};
		5810D0592A9DFAC90086D73F /* Debug */ = {
			isa = XCBuildConfiguration;
			buildSettings = {
				ALWAYS_EMBED_SWIFT_STANDARD_LIBRARIES = YES;
				BUNDLE_LOADER = "$(TEST_HOST)";
				CODE_SIGN_STYLE = Automatic;
				CURRENT_PROJECT_VERSION = 1;
				GENERATE_INFOPLIST_FILE = YES;
				IPHONEOS_DEPLOYMENT_TARGET = 16.0;
				MARKETING_VERSION = 1.0;
				PRODUCT_BUNDLE_IDENTIFIER = hu.example.delayed.retry.ExampleTests;
				PRODUCT_NAME = "$(TARGET_NAME)";
				SWIFT_EMIT_LOC_STRINGS = NO;
				SWIFT_VERSION = 5.0;
				TARGETED_DEVICE_FAMILY = "1,2";
				TEST_HOST = "$(BUILT_PRODUCTS_DIR)/Example.app/$(BUNDLE_EXECUTABLE_FOLDER_PATH)/Example";
			};
			name = Debug;
		};
		5810D05A2A9DFAC90086D73F /* Release */ = {
			isa = XCBuildConfiguration;
			buildSettings = {
				ALWAYS_EMBED_SWIFT_STANDARD_LIBRARIES = YES;
				BUNDLE_LOADER = "$(TEST_HOST)";
				CODE_SIGN_STYLE = Automatic;
				CURRENT_PROJECT_VERSION = 1;
				GENERATE_INFOPLIST_FILE = YES;
				IPHONEOS_DEPLOYMENT_TARGET = 16.0;
				MARKETING_VERSION = 1.0;
				PRODUCT_BUNDLE_IDENTIFIER = hu.example.delayed.retry.ExampleTests;
				PRODUCT_NAME = "$(TARGET_NAME)";
				SWIFT_EMIT_LOC_STRINGS = NO;
				SWIFT_VERSION = 5.0;
				TARGETED_DEVICE_FAMILY = "1,2";
				TEST_HOST = "$(BUILT_PRODUCTS_DIR)/Example.app/$(BUNDLE_EXECUTABLE_FOLDER_PATH)/Example";
			};
			name = Release;
		};
		5810D05C2A9DFAC90086D73F /* Debug */ = {
			isa = XCBuildConfiguration;
			buildSettings = {
				ALWAYS_EMBED_SWIFT_STANDARD_LIBRARIES = YES;
				CODE_SIGN_STYLE = Automatic;
				CURRENT_PROJECT_VERSION = 1;
				GENERATE_INFOPLIST_FILE = YES;
				MARKETING_VERSION = 1.0;
				PRODUCT_BUNDLE_IDENTIFIER = hu.example.delayed.retry.ExampleUITests;
				PRODUCT_NAME = "$(TARGET_NAME)";
				SWIFT_EMIT_LOC_STRINGS = NO;
				SWIFT_VERSION = 5.0;
				TARGETED_DEVICE_FAMILY = "1,2";
				TEST_TARGET_NAME = Example;
			};
			name = Debug;
		};
		5810D05D2A9DFAC90086D73F /* Release */ = {
			isa = XCBuildConfiguration;
			buildSettings = {
				ALWAYS_EMBED_SWIFT_STANDARD_LIBRARIES = YES;
				CODE_SIGN_STYLE = Automatic;
				CURRENT_PROJECT_VERSION = 1;
				GENERATE_INFOPLIST_FILE = YES;
				MARKETING_VERSION = 1.0;
				PRODUCT_BUNDLE_IDENTIFIER = hu.example.delayed.retry.ExampleUITests;
				PRODUCT_NAME = "$(TARGET_NAME)";
				SWIFT_EMIT_LOC_STRINGS = NO;
				SWIFT_VERSION = 5.0;
				TARGETED_DEVICE_FAMILY = "1,2";
				TEST_TARGET_NAME = Example;
			};
			name = Release;
		};
/* End XCBuildConfiguration section */

/* Begin XCConfigurationList section */
		5810D02C2A9DFAC90086D73F /* Build configuration list for PBXProject "Example" */ = {
			isa = XCConfigurationList;
			buildConfigurations = (
				5810D0532A9DFAC90086D73F /* Debug */,
				5810D0542A9DFAC90086D73F /* Release */,
			);
			defaultConfigurationIsVisible = 0;
			defaultConfigurationName = Release;
		};
		5810D0552A9DFAC90086D73F /* Build configuration list for PBXNativeTarget "Example" */ = {
			isa = XCConfigurationList;
			buildConfigurations = (
				5810D0562A9DFAC90086D73F /* Debug */,
				5810D0572A9DFAC90086D73F /* Release */,
			);
			defaultConfigurationIsVisible = 0;
			defaultConfigurationName = Release;
		};
		5810D0582A9DFAC90086D73F /* Build configuration list for PBXNativeTarget "ExampleTests" */ = {
			isa = XCConfigurationList;
			buildConfigurations = (
				5810D0592A9DFAC90086D73F /* Debug */,
				5810D05A2A9DFAC90086D73F /* Release */,
			);
			defaultConfigurationIsVisible = 0;
			defaultConfigurationName = Release;
		};
		5810D05B2A9DFAC90086D73F /* Build configuration list for PBXNativeTarget "ExampleUITests" */ = {
			isa = XCConfigurationList;
			buildConfigurations = (
				5810D05C2A9DFAC90086D73F /* Debug */,
				5810D05D2A9DFAC90086D73F /* Release */,
			);
			defaultConfigurationIsVisible = 0;
			defaultConfigurationName = Release;
		};
/* End XCConfigurationList section */

/* Begin XCRemoteSwiftPackageReference section */
		5810D0602A9DFBDD0086D73F /* XCRemoteSwiftPackageReference "DelayedRetry" */ = {
			isa = XCRemoteSwiftPackageReference;
			repositoryURL = "https://github.com/stateman92/DelayedRetry.git";
			requirement = {
				kind = exactVersion;
				version = 0.0.1;
			};
		};
/* End XCRemoteSwiftPackageReference section */

/* Begin XCSwiftPackageProductDependency section */
		587644702A9DFCE700C3E35F /* DelayedRetry */ = {
			isa = XCSwiftPackageProductDependency;
			package = 5810D0602A9DFBDD0086D73F /* XCRemoteSwiftPackageReference "DelayedRetry" */;
			productName = DelayedRetry;
		};
/* End XCSwiftPackageProductDependency section */
	};
	rootObject = 5810D0292A9DFAC90086D73F /* Project object */;
}
